
Microsoft Visual Studio Solution File, Format Version 12.00
# Visual Studio Version 17
VisualStudioVersion = 17.8.34330.188
MinimumVisualStudioVersion = 10.0.40219.1
Project("{FAE04EC0-301F-11D3-BF4B-00C04F79EFBC}") = "VBoxCleaner", "VBoxCleaner.csproj", "{82795118-F44F-4C51-BFFA-AA13D4667F48}"
EndProject
Global
	GlobalSection(SolutionConfigurationPlatforms) = preSolution
		Debug|Any CPU = Debug|Any CPU
		Release|Any CPU = Release|Any CPU
	EndGlobalSection
	GlobalSection(ProjectConfigurationPlatforms) = postSolution
		{82795118-F44F-4C51-BFFA-AA13D4667F48}.Debug|Any CPU.ActiveCfg = Debug|Any CPU
		{82795118-F44F-4C51-BFFA-AA13D4667F48}.Debug|Any CPU.Build.0 = Debug|Any CPU
		{82795118-F44F-4C51-BFFA-AA13D4667F48}.Release|Any CPU.ActiveCfg = Release|Any CPU
		{82795118-F44F-4C51-BFFA-AA13D4667F48}.Release|Any CPU.Build.0 = Release|Any CPU
	EndGlobalSection
	GlobalSection(SolutionProperties) = preSolution
		HideSolutionNode = FALSE
	EndGlobalSection
	GlobalSection(ExtensibilityGlobals) = postSolution
		SolutionGuid = {62C4BADD-B7B6-42B1-B2A8-EB34DC0C47E5}
	EndGlobalSection
EndGlobal
